{
  "originHash" : "c4c26c35038d083e059e27e6a5e2cb9a01c94e517c19439c5a22a7a53664fa48",
  "pins" : [
    {
      "identity" : "sentry-cocoa",
      "kind" : "remoteSourceControl",
      "location" : "https://github.com/getsentry/sentry-cocoa",
      "state" : {
        "revision" : "f45e9c62d7a4d9258ac3cf35a3acf9dbab4481d1",
        "version" : "8.43.0"
      }
    }
  ],
  "version" : 3
}
