// !$*UTF8*$!
{
	archiveVersion = 1;
	classes = {
	};
	objectVersion = 77;
	objects = {

/* Begin PBXBuildFile section */
		2C04B1022CAA187900893ADE /* Preview Assets.xcassets in Resources */ = {isa = PBXBuildFile; fileRef = 2C04B0F92CAA187900893ADE /* Preview Assets.xcassets */; };
		2C04B1032CAA187900893ADE /* Assets.xcassets in Resources */ = {isa = PBXBuildFile; fileRef = 2C04B0FB2CAA187900893ADE /* Assets.xcassets */; };
		2C04B1052CAA187900893ADE /* LaunchScreen.storyboard in Resources */ = {isa = PBXBuildFile; fileRef = 2C04B1002CAA187900893ADE /* LaunchScreen.storyboard */; };
		2C04B1062CAA187900893ADE /* ContentView.swift in Sources */ = {isa = PBXBuildFile; fileRef = 2C04B0FC2CAA187900893ADE /* ContentView.swift */; };
		2C04B1072CAA187900893ADE /* FlappyKiteApp.swift in Sources */ = {isa = PBXBuildFile; fileRef = 2C04B0FD2CAA187900893ADE /* FlappyKiteApp.swift */; };
		2C04B1082CAA187900893ADE /* Item.swift in Sources */ = {isa = PBXBuildFile; fileRef = 2C04B0FF2CAA187900893ADE /* Item.swift */; };
		2C04B1132CAA4E0600893ADE /* Sentry in Frameworks */ = {isa = PBXBuildFile; productRef = 2C04B1122CAA4E0600893ADE /* Sentry */; };
		2C04B1152CAA4E6600893ADE /* Collections in Frameworks */ = {isa = PBXBuildFile; productRef = 2C04B1142CAA4E6600893ADE /* Collections */; };
		2C04B1182CAA520F00893ADE /* Config.xcconfig in Resources */ = {isa = PBXBuildFile; fileRef = 2C04B1172CAA520F00893ADE /* Config.xcconfig */; };
		2C04B1192CAA520F00893ADE /* Config.xcconfig in Resources */ = {isa = PBXBuildFile; fileRef = 2C04B1172CAA520F00893ADE /* Config.xcconfig */; };
		2CC541CD2CAB80D100A0C68F /* SpriteKit.framework in Frameworks */ = {isa = PBXBuildFile; fileRef = 2CC541CC2CAB80D100A0C68F /* SpriteKit.framework */; };
/* End PBXBuildFile section */

/* Begin PBXContainerItemProxy section */
		2C8D5EAF2CA533CC00999649 /* PBXContainerItemProxy */ = {
			isa = PBXContainerItemProxy;
			containerPortal = 2C8D5E942CA533CB00999649 /* Project object */;
			proxyType = 1;
			remoteGlobalIDString = 2C8D5E9B2CA533CB00999649;
			remoteInfo = FlappyKite;
		};
		2C8D5EB92CA533CC00999649 /* PBXContainerItemProxy */ = {
			isa = PBXContainerItemProxy;
			containerPortal = 2C8D5E942CA533CB00999649 /* Project object */;
			proxyType = 1;
			remoteGlobalIDString = 2C8D5E9B2CA533CB00999649;
			remoteInfo = FlappyKite;
		};
/* End PBXContainerItemProxy section */

/* Begin PBXFileReference section */
		2C04B0F92CAA187900893ADE /* Preview Assets.xcassets */ = {isa = PBXFileReference; lastKnownFileType = folder.assetcatalog; path = "Preview Assets.xcassets"; sourceTree = "<group>"; };
		2C04B0FB2CAA187900893ADE /* Assets.xcassets */ = {isa = PBXFileReference; lastKnownFileType = folder.assetcatalog; path = Assets.xcassets; sourceTree = "<group>"; };
		2C04B0FC2CAA187900893ADE /* ContentView.swift */ = {isa = PBXFileReference; lastKnownFileType = sourcecode.swift; path = ContentView.swift; sourceTree = "<group>"; };
		2C04B0FD2CAA187900893ADE /* FlappyKiteApp.swift */ = {isa = PBXFileReference; lastKnownFileType = sourcecode.swift; path = FlappyKiteApp.swift; sourceTree = "<group>"; };
		2C04B0FE2CAA187900893ADE /* Info.plist */ = {isa = PBXFileReference; lastKnownFileType = text.plist.xml; path = Info.plist; sourceTree = "<group>"; };
		2C04B0FF2CAA187900893ADE /* Item.swift */ = {isa = PBXFileReference; lastKnownFileType = sourcecode.swift; path = Item.swift; sourceTree = "<group>"; };
		2C04B1002CAA187900893ADE /* LaunchScreen.storyboard */ = {isa = PBXFileReference; lastKnownFileType = file.storyboard; path = LaunchScreen.storyboard; sourceTree = "<group>"; };
		2C04B1172CAA520F00893ADE /* Config.xcconfig */ = {isa = PBXFileReference; lastKnownFileType = text.xcconfig; path = Config.xcconfig; sourceTree = "<group>"; };
		2C8D5E9C2CA533CB00999649 /* FlappyKite.app */ = {isa = PBXFileReference; explicitFileType = wrapper.application; includeInIndex = 0; path = FlappyKite.app; sourceTree = BUILT_PRODUCTS_DIR; };
		2C8D5EAE2CA533CC00999649 /* FlappyKiteTests.xctest */ = {isa = PBXFileReference; explicitFileType = wrapper.cfbundle; includeInIndex = 0; path = FlappyKiteTests.xctest; sourceTree = BUILT_PRODUCTS_DIR; };
		2C8D5EB82CA533CC00999649 /* FlappyKiteUITests.xctest */ = {isa = PBXFileReference; explicitFileType = wrapper.cfbundle; includeInIndex = 0; path = FlappyKiteUITests.xctest; sourceTree = BUILT_PRODUCTS_DIR; };
		2CC541CC2CAB80D100A0C68F /* SpriteKit.framework */ = {isa = PBXFileReference; lastKnownFileType = wrapper.framework; name = SpriteKit.framework; path = System/Library/Frameworks/SpriteKit.framework; sourceTree = SDKROOT; };
/* End PBXFileReference section */

/* Begin PBXFileSystemSynchronizedRootGroup section */
		2C8D5EB12CA533CC00999649 /* FlappyKiteTests */ = {
			isa = PBXFileSystemSynchronizedRootGroup;
			path = FlappyKiteTests;
			sourceTree = "<group>";
		};
		2C8D5EBB2CA533CC00999649 /* FlappyKiteUITests */ = {
			isa = PBXFileSystemSynchronizedRootGroup;
			path = FlappyKiteUITests;
			sourceTree = "<group>";
		};
/* End PBXFileSystemSynchronizedRootGroup section */

/* Begin PBXFrameworksBuildPhase section */
		2C8D5E992CA533CB00999649 /* Frameworks */ = {
			isa = PBXFrameworksBuildPhase;
			buildActionMask = 2147483647;
			files = (
				2C04B1152CAA4E6600893ADE /* Collections in Frameworks */,
				2C04B1132CAA4E0600893ADE /* Sentry in Frameworks */,
				2CC541CD2CAB80D100A0C68F /* SpriteKit.framework in Frameworks */,
			);
			runOnlyForDeploymentPostprocessing = 0;
		};
		2C8D5EAB2CA533CC00999649 /* Frameworks */ = {
			isa = PBXFrameworksBuildPhase;
			buildActionMask = 2147483647;
			files = (
			);
			runOnlyForDeploymentPostprocessing = 0;
		};
		2C8D5EB52CA533CC00999649 /* Frameworks */ = {
			isa = PBXFrameworksBuildPhase;
			buildActionMask = 2147483647;
			files = (
			);
			runOnlyForDeploymentPostprocessing = 0;
		};
/* End PBXFrameworksBuildPhase section */

/* Begin PBXGroup section */
		2C04B0FA2CAA187900893ADE /* Preview Content */ = {
			isa = PBXGroup;
			children = (
				2C04B0F92CAA187900893ADE /* Preview Assets.xcassets */,
			);
			path = "Preview Content";
			sourceTree = "<group>";
		};
		2C04B1012CAA187900893ADE /* FlappyKite */ = {
			isa = PBXGroup;
			children = (
				2C04B0FA2CAA187900893ADE /* Preview Content */,
				2C04B0FB2CAA187900893ADE /* Assets.xcassets */,
				2C04B0FC2CAA187900893ADE /* ContentView.swift */,
				2C04B0FD2CAA187900893ADE /* FlappyKiteApp.swift */,
				2C04B0FE2CAA187900893ADE /* Info.plist */,
				2C04B0FF2CAA187900893ADE /* Item.swift */,
				2C04B1002CAA187900893ADE /* LaunchScreen.storyboard */,
			);
			path = FlappyKite;
			sourceTree = "<group>";
		};
		2C04B1112CAA4E0600893ADE /* Frameworks */ = {
			isa = PBXGroup;
			children = (
				2CC541CC2CAB80D100A0C68F /* SpriteKit.framework */,
			);
			name = Frameworks;
			sourceTree = "<group>";
		};
		2C8D5E932CA533CB00999649 = {
			isa = PBXGroup;
			children = (
				2C04B1172CAA520F00893ADE /* Config.xcconfig */,
				2C04B1012CAA187900893ADE /* FlappyKite */,
				2C8D5EB12CA533CC00999649 /* FlappyKiteTests */,
				2C8D5EBB2CA533CC00999649 /* FlappyKiteUITests */,
				2C04B1112CAA4E0600893ADE /* Frameworks */,
				2C8D5E9D2CA533CB00999649 /* Products */,
			);
			sourceTree = "<group>";
		};
		2C8D5E9D2CA533CB00999649 /* Products */ = {
			isa = PBXGroup;
			children = (
				2C8D5E9C2CA533CB00999649 /* FlappyKite.app */,
				2C8D5EAE2CA533CC00999649 /* FlappyKiteTests.xctest */,
				2C8D5EB82CA533CC00999649 /* FlappyKiteUITests.xctest */,
			);
			name = Products;
			sourceTree = "<group>";
		};
/* End PBXGroup section */

/* Begin PBXNativeTarget section */
		2C8D5E9B2CA533CB00999649 /* FlappyKite */ = {
			isa = PBXNativeTarget;
			buildConfigurationList = 2C8D5EC22CA533CC00999649 /* Build configuration list for PBXNativeTarget "FlappyKite" */;
			buildPhases = (
				2C8D5E982CA533CB00999649 /* Sources */,
				2C8D5E992CA533CB00999649 /* Frameworks */,
				2C8D5E9A2CA533CB00999649 /* Resources */,
			);
			buildRules = (
			);
			dependencies = (
			);
			name = FlappyKite;
			packageProductDependencies = (
				2C04B1122CAA4E0600893ADE /* Sentry */,
				2C04B1142CAA4E6600893ADE /* Collections */,
			);
			productName = FlappyKite;
			productReference = 2C8D5E9C2CA533CB00999649 /* FlappyKite.app */;
			productType = "com.apple.product-type.application";
		};
		2C8D5EAD2CA533CC00999649 /* FlappyKiteTests */ = {
			isa = PBXNativeTarget;
			buildConfigurationList = 2C8D5EC52CA533CC00999649 /* Build configuration list for PBXNativeTarget "FlappyKiteTests" */;
			buildPhases = (
				2C8D5EAA2CA533CC00999649 /* Sources */,
				2C8D5EAB2CA533CC00999649 /* Frameworks */,
				2C8D5EAC2CA533CC00999649 /* Resources */,
			);
			buildRules = (
			);
			dependencies = (
				2C8D5EB02CA533CC00999649 /* PBXTargetDependency */,
			);
			fileSystemSynchronizedGroups = (
				2C8D5EB12CA533CC00999649 /* FlappyKiteTests */,
			);
			name = FlappyKiteTests;
			packageProductDependencies = (
			);
			productName = FlappyKiteTests;
			productReference = 2C8D5EAE2CA533CC00999649 /* FlappyKiteTests.xctest */;
			productType = "com.apple.product-type.bundle.unit-test";
		};
		2C8D5EB72CA533CC00999649 /* FlappyKiteUITests */ = {
			isa = PBXNativeTarget;
			buildConfigurationList = 2C8D5EC82CA533CC00999649 /* Build configuration list for PBXNativeTarget "FlappyKiteUITests" */;
			buildPhases = (
				2C8D5EB42CA533CC00999649 /* Sources */,
				2C8D5EB52CA533CC00999649 /* Frameworks */,
				2C8D5EB62CA533CC00999649 /* Resources */,
			);
			buildRules = (
			);
			dependencies = (
				2C8D5EBA2CA533CC00999649 /* PBXTargetDependency */,
			);
			fileSystemSynchronizedGroups = (
				2C8D5EBB2CA533CC00999649 /* FlappyKiteUITests */,
			);
			name = FlappyKiteUITests;
			packageProductDependencies = (
			);
			productName = FlappyKiteUITests;
			productReference = 2C8D5EB82CA533CC00999649 /* FlappyKiteUITests.xctest */;
			productType = "com.apple.product-type.bundle.ui-testing";
		};
/* End PBXNativeTarget section */

/* Begin PBXProject section */
		2C8D5E942CA533CB00999649 /* Project object */ = {
			isa = PBXProject;
			attributes = {
				BuildIndependentTargetsInParallel = 1;
				LastSwiftUpdateCheck = 1600;
				LastUpgradeCheck = 1600;
				TargetAttributes = {
					2C8D5E9B2CA533CB00999649 = {
						CreatedOnToolsVersion = 16.0;
					};
					2C8D5EAD2CA533CC00999649 = {
						CreatedOnToolsVersion = 16.0;
						TestTargetID = 2C8D5E9B2CA533CB00999649;
					};
					2C8D5EB72CA533CC00999649 = {
						CreatedOnToolsVersion = 16.0;
						TestTargetID = 2C8D5E9B2CA533CB00999649;
					};
				};
			};
			buildConfigurationList = 2C8D5E972CA533CB00999649 /* Build configuration list for PBXProject "FlappyKite" */;
			developmentRegion = en;
			hasScannedForEncodings = 0;
			knownRegions = (
				en,
				Base,
			);
			mainGroup = 2C8D5E932CA533CB00999649;
			minimizedProjectReferenceProxies = 1;
			packageReferences = (
				2C04B1092CAA1A0F00893ADE /* XCRemoteSwiftPackageReference "swift-collections" */,
				2C04B10A2CAA1BC900893ADE /* XCRemoteSwiftPackageReference "sentry-cocoa" */,
			);
			preferredProjectObjectVersion = 77;
			productRefGroup = 2C8D5E9D2CA533CB00999649 /* Products */;
			projectDirPath = "";
			projectRoot = "";
			targets = (
				2C8D5E9B2CA533CB00999649 /* FlappyKite */,
				2C8D5EAD2CA533CC00999649 /* FlappyKiteTests */,
				2C8D5EB72CA533CC00999649 /* FlappyKiteUITests */,
			);
		};
/* End PBXProject section */

/* Begin PBXResourcesBuildPhase section */
		2C8D5E9A2CA533CB00999649 /* Resources */ = {
			isa = PBXResourcesBuildPhase;
			buildActionMask = 2147483647;
			files = (
				2C04B1192CAA520F00893ADE /* Config.xcconfig in Resources */,
				2C04B1022CAA187900893ADE /* Preview Assets.xcassets in Resources */,
				2C04B1032CAA187900893ADE /* Assets.xcassets in Resources */,
				2C04B1052CAA187900893ADE /* LaunchScreen.storyboard in Resources */,
			);
			runOnlyForDeploymentPostprocessing = 0;
		};
		2C8D5EAC2CA533CC00999649 /* Resources */ = {
			isa = PBXResourcesBuildPhase;
			buildActionMask = 2147483647;
			files = (
				2C04B1182CAA520F00893ADE /* Config.xcconfig in Resources */,
			);
			runOnlyForDeploymentPostprocessing = 0;
		};
		2C8D5EB62CA533CC00999649 /* Resources */ = {
			isa = PBXResourcesBuildPhase;
			buildActionMask = 2147483647;
			files = (
			);
			runOnlyForDeploymentPostprocessing = 0;
		};
/* End PBXResourcesBuildPhase section */

/* Begin PBXSourcesBuildPhase section */
		2C8D5E982CA533CB00999649 /* Sources */ = {
			isa = PBXSourcesBuildPhase;
			buildActionMask = 2147483647;
			files = (
				2C04B1062CAA187900893ADE /* ContentView.swift in Sources */,
				2C04B1072CAA187900893ADE /* FlappyKiteApp.swift in Sources */,
				2C04B1082CAA187900893ADE /* Item.swift in Sources */,
			);
			runOnlyForDeploymentPostprocessing = 0;
		};
		2C8D5EAA2CA533CC00999649 /* Sources */ = {
			isa = PBXSourcesBuildPhase;
			buildActionMask = 2147483647;
			files = (
			);
			runOnlyForDeploymentPostprocessing = 0;
		};
		2C8D5EB42CA533CC00999649 /* Sources */ = {
			isa = PBXSourcesBuildPhase;
			buildActionMask = 2147483647;
			files = (
			);
			runOnlyForDeploymentPostprocessing = 0;
		};
/* End PBXSourcesBuildPhase section */

/* Begin PBXTargetDependency section */
		2C8D5EB02CA533CC00999649 /* PBXTargetDependency */ = {
			isa = PBXTargetDependency;
			target = 2C8D5E9B2CA533CB00999649 /* FlappyKite */;
			targetProxy = 2C8D5EAF2CA533CC00999649 /* PBXContainerItemProxy */;
		};
		2C8D5EBA2CA533CC00999649 /* PBXTargetDependency */ = {
			isa = PBXTargetDependency;
			target = 2C8D5E9B2CA533CB00999649 /* FlappyKite */;
			targetProxy = 2C8D5EB92CA533CC00999649 /* PBXContainerItemProxy */;
		};
/* End PBXTargetDependency section */

/* Begin XCBuildConfiguration section */
		2C8D5EC02CA533CC00999649 /* Debug */ = {
			isa = XCBuildConfiguration;
			buildSettings = {
				ALWAYS_SEARCH_USER_PATHS = NO;
				ASSETCATALOG_COMPILER_GENERATE_SWIFT_ASSET_SYMBOL_EXTENSIONS = YES;
				CLANG_ANALYZER_NONNULL = YES;
				CLANG_ANALYZER_NUMBER_OBJECT_CONVERSION = YES_AGGRESSIVE;
				CLANG_CXX_LANGUAGE_STANDARD = "gnu++20";
				CLANG_ENABLE_MODULES = YES;
				CLANG_ENABLE_OBJC_ARC = YES;
				CLANG_ENABLE_OBJC_WEAK = YES;
				CLANG_WARN_BLOCK_CAPTURE_AUTORELEASING = YES;
				CLANG_WARN_BOOL_CONVERSION = YES;
				CLANG_WARN_COMMA = YES;
				CLANG_WARN_CONSTANT_CONVERSION = YES;
				CLANG_WARN_DEPRECATED_OBJC_IMPLEMENTATIONS = YES;
				CLANG_WARN_DIRECT_OBJC_ISA_USAGE = YES_ERROR;
				CLANG_WARN_DOCUMENTATION_COMMENTS = YES;
				CLANG_WARN_EMPTY_BODY = YES;
				CLANG_WARN_ENUM_CONVERSION = YES;
				CLANG_WARN_INFINITE_RECURSION = YES;
				CLANG_WARN_INT_CONVERSION = YES;
				CLANG_WARN_NON_LITERAL_NULL_CONVERSION = YES;
				CLANG_WARN_OBJC_IMPLICIT_RETAIN_SELF = YES;
				CLANG_WARN_OBJC_LITERAL_CONVERSION = YES;
				CLANG_WARN_OBJC_ROOT_CLASS = YES_ERROR;
				CLANG_WARN_QUOTED_INCLUDE_IN_FRAMEWORK_HEADER = YES;
				CLANG_WARN_RANGE_LOOP_ANALYSIS = YES;
				CLANG_WARN_STRICT_PROTOTYPES = YES;
				CLANG_WARN_SUSPICIOUS_MOVE = YES;
				CLANG_WARN_UNGUARDED_AVAILABILITY = YES_AGGRESSIVE;
				CLANG_WARN_UNREACHABLE_CODE = YES;
				CLANG_WARN__DUPLICATE_METHOD_MATCH = YES;
				COPY_PHASE_STRIP = NO;
				DEBUG_INFORMATION_FORMAT = dwarf;
				ENABLE_STRICT_OBJC_MSGSEND = YES;
				ENABLE_TESTABILITY = YES;
				ENABLE_USER_SCRIPT_SANDBOXING = YES;
				GCC_C_LANGUAGE_STANDARD = gnu17;
				GCC_DYNAMIC_NO_PIC = NO;
				GCC_NO_COMMON_BLOCKS = YES;
				GCC_OPTIMIZATION_LEVEL = 0;
				GCC_PREPROCESSOR_DEFINITIONS = (
					"DEBUG=1",
					"$(inherited)",
				);
				GCC_WARN_64_TO_32_BIT_CONVERSION = YES;
				GCC_WARN_ABOUT_RETURN_TYPE = YES_ERROR;
				GCC_WARN_UNDECLARED_SELECTOR = YES;
				GCC_WARN_UNINITIALIZED_AUTOS = YES_AGGRESSIVE;
				GCC_WARN_UNUSED_FUNCTION = YES;
				GCC_WARN_UNUSED_VARIABLE = YES;
				IPHONEOS_DEPLOYMENT_TARGET = 18.0;
				LOCALIZATION_PREFERS_STRING_CATALOGS = YES;
				MTL_ENABLE_DEBUG_INFO = INCLUDE_SOURCE;
				MTL_FAST_MATH = YES;
				ONLY_ACTIVE_ARCH = YES;
				SDKROOT = iphoneos;
				SWIFT_ACTIVE_COMPILATION_CONDITIONS = "DEBUG $(inherited)";
				SWIFT_OPTIMIZATION_LEVEL = "-Onone";
			};
			name = Debug;
		};
		2C8D5EC12CA533CC00999649 /* Release */ = {
			isa = XCBuildConfiguration;
			buildSettings = {
				ALWAYS_SEARCH_USER_PATHS = NO;
				ASSETCATALOG_COMPILER_GENERATE_SWIFT_ASSET_SYMBOL_EXTENSIONS = YES;
				CLANG_ANALYZER_NONNULL = YES;
				CLANG_ANALYZER_NUMBER_OBJECT_CONVERSION = YES_AGGRESSIVE;
				CLANG_CXX_LANGUAGE_STANDARD = "gnu++20";
				CLANG_ENABLE_MODULES = YES;
				CLANG_ENABLE_OBJC_ARC = YES;
				CLANG_ENABLE_OBJC_WEAK = YES;
				CLANG_WARN_BLOCK_CAPTURE_AUTORELEASING = YES;
				CLANG_WARN_BOOL_CONVERSION = YES;
				CLANG_WARN_COMMA = YES;
				CLANG_WARN_CONSTANT_CONVERSION = YES;
				CLANG_WARN_DEPRECATED_OBJC_IMPLEMENTATIONS = YES;
				CLANG_WARN_DIRECT_OBJC_ISA_USAGE = YES_ERROR;
				CLANG_WARN_DOCUMENTATION_COMMENTS = YES;
				CLANG_WARN_EMPTY_BODY = YES;
				CLANG_WARN_ENUM_CONVERSION = YES;
				CLANG_WARN_INFINITE_RECURSION = YES;
				CLANG_WARN_INT_CONVERSION = YES;
				CLANG_WARN_NON_LITERAL_NULL_CONVERSION = YES;
				CLANG_WARN_OBJC_IMPLICIT_RETAIN_SELF = YES;
				CLANG_WARN_OBJC_LITERAL_CONVERSION = YES;
				CLANG_WARN_OBJC_ROOT_CLASS = YES_ERROR;
				CLANG_WARN_QUOTED_INCLUDE_IN_FRAMEWORK_HEADER = YES;
				CLANG_WARN_RANGE_LOOP_ANALYSIS = YES;
				CLANG_WARN_STRICT_PROTOTYPES = YES;
				CLANG_WARN_SUSPICIOUS_MOVE = YES;
				CLANG_WARN_UNGUARDED_AVAILABILITY = YES_AGGRESSIVE;
				CLANG_WARN_UNREACHABLE_CODE = YES;
				CLANG_WARN__DUPLICATE_METHOD_MATCH = YES;
				COPY_PHASE_STRIP = NO;
				DEBUG_INFORMATION_FORMAT = "dwarf-with-dsym";
				ENABLE_NS_ASSERTIONS = NO;
				ENABLE_STRICT_OBJC_MSGSEND = YES;
				ENABLE_USER_SCRIPT_SANDBOXING = YES;
				GCC_C_LANGUAGE_STANDARD = gnu17;
				GCC_NO_COMMON_BLOCKS = YES;
				GCC_WARN_64_TO_32_BIT_CONVERSION = YES;
				GCC_WARN_ABOUT_RETURN_TYPE = YES_ERROR;
				GCC_WARN_UNDECLARED_SELECTOR = YES;
				GCC_WARN_UNINITIALIZED_AUTOS = YES_AGGRESSIVE;
				GCC_WARN_UNUSED_FUNCTION = YES;
				GCC_WARN_UNUSED_VARIABLE = YES;
				IPHONEOS_DEPLOYMENT_TARGET = 18.0;
				LOCALIZATION_PREFERS_STRING_CATALOGS = YES;
				MTL_ENABLE_DEBUG_INFO = NO;
				MTL_FAST_MATH = YES;
				SDKROOT = iphoneos;
				SWIFT_COMPILATION_MODE = wholemodule;
				VALIDATE_PRODUCT = YES;
			};
			name = Release;
		};
		2C8D5EC32CA533CC00999649 /* Debug */ = {
			isa = XCBuildConfiguration;
			buildSettings = {
				ASSETCATALOG_COMPILER_APPICON_NAME = AppIcon;
				ASSETCATALOG_COMPILER_GLOBAL_ACCENT_COLOR_NAME = AccentColor;
				CODE_SIGN_STYLE = Automatic;
				CURRENT_PROJECT_VERSION = 1;
				DEVELOPMENT_ASSET_PATHS = "\"FlappyKite/Preview Content\"";
				ENABLE_PREVIEWS = YES;
				GENERATE_INFOPLIST_FILE = YES;
				INFOPLIST_FILE = FlappyKite/Info.plist;
				INFOPLIST_KEY_UIApplicationSceneManifest_Generation = YES;
				INFOPLIST_KEY_UIApplicationSupportsIndirectInputEvents = YES;
				INFOPLIST_KEY_UILaunchScreen_Generation = YES;
				INFOPLIST_KEY_UILaunchStoryboardName = LaunchScreen;
				INFOPLIST_KEY_UISupportedInterfaceOrientations_iPad = "UIInterfaceOrientationPortrait UIInterfaceOrientationPortraitUpsideDown UIInterfaceOrientationLandscapeLeft UIInterfaceOrientationLandscapeRight";
				INFOPLIST_KEY_UISupportedInterfaceOrientations_iPhone = "UIInterfaceOrientationPortrait UIInterfaceOrientationLandscapeLeft UIInterfaceOrientationLandscapeRight";
				LD_RUNPATH_SEARCH_PATHS = (
					"$(inherited)",
					"@executable_path/Frameworks",
				);
				MARKETING_VERSION = 1.0;
				PRODUCT_BUNDLE_IDENTIFIER = com.buildkite.FlappyKite;
				PRODUCT_NAME = "$(TARGET_NAME)";
				SWIFT_EMIT_LOC_STRINGS = YES;
				SWIFT_VERSION = 5.0;
				TARGETED_DEVICE_FAMILY = "1,2";
			};
			name = Debug;
		};
		2C8D5EC42CA533CC00999649 /* Release */ = {
			isa = XCBuildConfiguration;
			baseConfigurationReference = 2C04B1172CAA520F00893ADE /* Config.xcconfig */;
			buildSettings = {
				ASSETCATALOG_COMPILER_APPICON_NAME = AppIcon;
				ASSETCATALOG_COMPILER_GLOBAL_ACCENT_COLOR_NAME = AccentColor;
				CODE_SIGN_STYLE = Automatic;
				CURRENT_PROJECT_VERSION = 1;
				DEVELOPMENT_ASSET_PATHS = "\"FlappyKite/Preview Content\"";
				ENABLE_PREVIEWS = YES;
				GENERATE_INFOPLIST_FILE = YES;
				INFOPLIST_FILE = FlappyKite/Info.plist;
				INFOPLIST_KEY_UIApplicationSceneManifest_Generation = YES;
				INFOPLIST_KEY_UIApplicationSupportsIndirectInputEvents = YES;
				INFOPLIST_KEY_UILaunchScreen_Generation = YES;
				INFOPLIST_KEY_UILaunchStoryboardName = LaunchScreen;
				INFOPLIST_KEY_UISupportedInterfaceOrientations_iPad = "UIInterfaceOrientationPortrait UIInterfaceOrientationPortraitUpsideDown UIInterfaceOrientationLandscapeLeft UIInterfaceOrientationLandscapeRight";
				INFOPLIST_KEY_UISupportedInterfaceOrientations_iPhone = "UIInterfaceOrientationPortrait UIInterfaceOrientationLandscapeLeft UIInterfaceOrientationLandscapeRight";
				LD_RUNPATH_SEARCH_PATHS = (
					"$(inherited)",
					"@executable_path/Frameworks",
				);
				MARKETING_VERSION = 1.0;
				PRODUCT_BUNDLE_IDENTIFIER = com.buildkite.FlappyKite;
				PRODUCT_NAME = "$(TARGET_NAME)";
				SWIFT_EMIT_LOC_STRINGS = YES;
				SWIFT_VERSION = 5.0;
				TARGETED_DEVICE_FAMILY = "1,2";
			};
			name = Release;
		};
		2C8D5EC62CA533CC00999649 /* Debug */ = {
			isa = XCBuildConfiguration;
			buildSettings = {
				BUNDLE_LOADER = "$(TEST_HOST)";
				CODE_SIGN_STYLE = Automatic;
				CURRENT_PROJECT_VERSION = 1;
				GENERATE_INFOPLIST_FILE = YES;
				IPHONEOS_DEPLOYMENT_TARGET = 18.0;
				MARKETING_VERSION = 1.0;
				PRODUCT_BUNDLE_IDENTIFIER = com.buildkite.FlappyKiteTests;
				PRODUCT_NAME = "$(TARGET_NAME)";
				SWIFT_EMIT_LOC_STRINGS = NO;
				SWIFT_VERSION = 5.0;
				TARGETED_DEVICE_FAMILY = "1,2";
				TEST_HOST = "$(BUILT_PRODUCTS_DIR)/FlappyKite.app/$(BUNDLE_EXECUTABLE_FOLDER_PATH)/FlappyKite";
			};
			name = Debug;
		};
		2C8D5EC72CA533CC00999649 /* Release */ = {
			isa = XCBuildConfiguration;
			buildSettings = {
				BUNDLE_LOADER = "$(TEST_HOST)";
				CODE_SIGN_STYLE = Automatic;
				CURRENT_PROJECT_VERSION = 1;
				GENERATE_INFOPLIST_FILE = YES;
				IPHONEOS_DEPLOYMENT_TARGET = 18.0;
				MARKETING_VERSION = 1.0;
				PRODUCT_BUNDLE_IDENTIFIER = com.buildkite.FlappyKiteTests;
				PRODUCT_NAME = "$(TARGET_NAME)";
				SWIFT_EMIT_LOC_STRINGS = NO;
				SWIFT_VERSION = 5.0;
				TARGETED_DEVICE_FAMILY = "1,2";
				TEST_HOST = "$(BUILT_PRODUCTS_DIR)/FlappyKite.app/$(BUNDLE_EXECUTABLE_FOLDER_PATH)/FlappyKite";
			};
			name = Release;
		};
		2C8D5EC92CA533CC00999649 /* Debug */ = {
			isa = XCBuildConfiguration;
			buildSettings = {
				CODE_SIGN_STYLE = Automatic;
				CURRENT_PROJECT_VERSION = 1;
				GENERATE_INFOPLIST_FILE = YES;
				MARKETING_VERSION = 1.0;
				PRODUCT_BUNDLE_IDENTIFIER = com.buildkite.FlappyKiteUITests;
				PRODUCT_NAME = "$(TARGET_NAME)";
				SWIFT_EMIT_LOC_STRINGS = NO;
				SWIFT_VERSION = 5.0;
				TARGETED_DEVICE_FAMILY = "1,2";
				TEST_TARGET_NAME = FlappyKite;
			};
			name = Debug;
		};
		2C8D5ECA2CA533CC00999649 /* Release */ = {
			isa = XCBuildConfiguration;
			buildSettings = {
				CODE_SIGN_STYLE = Automatic;
				CURRENT_PROJECT_VERSION = 1;
				GENERATE_INFOPLIST_FILE = YES;
				MARKETING_VERSION = 1.0;
				PRODUCT_BUNDLE_IDENTIFIER = com.buildkite.FlappyKiteUITests;
				PRODUCT_NAME = "$(TARGET_NAME)";
				SWIFT_EMIT_LOC_STRINGS = NO;
				SWIFT_VERSION = 5.0;
				TARGETED_DEVICE_FAMILY = "1,2";
				TEST_TARGET_NAME = FlappyKite;
			};
			name = Release;
		};
/* End XCBuildConfiguration section */

/* Begin XCConfigurationList section */
		2C8D5E972CA533CB00999649 /* Build configuration list for PBXProject "FlappyKite" */ = {
			isa = XCConfigurationList;
			buildConfigurations = (
				2C8D5EC02CA533CC00999649 /* Debug */,
				2C8D5EC12CA533CC00999649 /* Release */,
			);
			defaultConfigurationIsVisible = 0;
			defaultConfigurationName = Release;
		};
		2C8D5EC22CA533CC00999649 /* Build configuration list for PBXNativeTarget "FlappyKite" */ = {
			isa = XCConfigurationList;
			buildConfigurations = (
				2C8D5EC32CA533CC00999649 /* Debug */,
				2C8D5EC42CA533CC00999649 /* Release */,
			);
			defaultConfigurationIsVisible = 0;
			defaultConfigurationName = Release;
		};
		2C8D5EC52CA533CC00999649 /* Build configuration list for PBXNativeTarget "FlappyKiteTests" */ = {
			isa = XCConfigurationList;
			buildConfigurations = (
				2C8D5EC62CA533CC00999649 /* Debug */,
				2C8D5EC72CA533CC00999649 /* Release */,
			);
			defaultConfigurationIsVisible = 0;
			defaultConfigurationName = Release;
		};
		2C8D5EC82CA533CC00999649 /* Build configuration list for PBXNativeTarget "FlappyKiteUITests" */ = {
			isa = XCConfigurationList;
			buildConfigurations = (
				2C8D5EC92CA533CC00999649 /* Debug */,
				2C8D5ECA2CA533CC00999649 /* Release */,
			);
			defaultConfigurationIsVisible = 0;
			defaultConfigurationName = Release;
		};
/* End XCConfigurationList section */

/* Begin XCRemoteSwiftPackageReference section */
		2C04B1092CAA1A0F00893ADE /* XCRemoteSwiftPackageReference "swift-collections" */ = {
			isa = XCRemoteSwiftPackageReference;
			repositoryURL = "https://github.com/apple/swift-collections.git";
			requirement = {
				kind = upToNextMajorVersion;
				minimumVersion = 1.1.4;
			};
		};
		2C04B10A2CAA1BC900893ADE /* XCRemoteSwiftPackageReference "sentry-cocoa" */ = {
			isa = XCRemoteSwiftPackageReference;
			repositoryURL = "https://github.com/getsentry/sentry-cocoa.git";
			requirement = {
				kind = upToNextMajorVersion;
				minimumVersion = 8.36.0;
			};
		};
/* End XCRemoteSwiftPackageReference section */

/* Begin XCSwiftPackageProductDependency section */
		2C04B1122CAA4E0600893ADE /* Sentry */ = {
			isa = XCSwiftPackageProductDependency;
			package = 2C04B10A2CAA1BC900893ADE /* XCRemoteSwiftPackageReference "sentry-cocoa" */;
			productName = Sentry;
		};
		2C04B1142CAA4E6600893ADE /* Collections */ = {
			isa = XCSwiftPackageProductDependency;
			package = 2C04B1092CAA1A0F00893ADE /* XCRemoteSwiftPackageReference "swift-collections" */;
			productName = Collections;
		};
/* End XCSwiftPackageProductDependency section */
	};
	rootObject = 2C8D5E942CA533CB00999649 /* Project object */;
}
